
Microsoft Visual Studio Solution File, Format Version 12.00
# Visual Studio 15
VisualStudioVersion = 15.0.27703.2018
MinimumVisualStudioVersion = 10.0.40219.1
Project("{FAE04EC0-301F-11D3-BF4B-00C04F79EFBC}") = "IT Challenge", "IT Challenge\IT Challenge.csproj", "{BFED6DCB-0ED8-4860-B22C-9429DAA9C311}"
EndProject
Global
	GlobalSection(SolutionConfigurationPlatforms) = preSolution
		Debug|Any CPU = Debug|Any CPU
		Release|Any CPU = Release|Any CPU
	EndGlobalSection
	GlobalSection(ProjectConfigurationPlatforms) = postSolution
		{BFED6DCB-0ED8-4860-B22C-9429DAA9C311}.Debug|Any CPU.ActiveCfg = Debug|Any CPU
		{BFED6DCB-0ED8-4860-B22C-9429DAA9C311}.Debug|Any CPU.Build.0 = Debug|Any CPU
		{BFED6DCB-0ED8-4860-B22C-9429DAA9C311}.Release|Any CPU.ActiveCfg = Release|Any CPU
		{BFED6DCB-0ED8-4860-B22C-9429DAA9C311}.Release|Any CPU.Build.0 = Release|Any CPU
	EndGlobalSection
	GlobalSection(SolutionProperties) = preSolution
		HideSolutionNode = FALSE
	EndGlobalSection
	GlobalSection(ExtensibilityGlobals) = postSolution
		SolutionGuid = {F761DB15-9118-41A9-B58B-9D9C9BDEC122}
	EndGlobalSection
EndGlobal
